
Microsoft Visual Studio Solution File, Format Version 12.00
# Visual Studio Version 16
VisualStudioVersion = 16.0.31229.75
MinimumVisualStudioVersion = 10.0.40219.1
Project("{FAE04EC0-301F-11D3-BF4B-00C04F79EFBC}") = "DotNetCoreCamp", "DotNetCoreCamp\DotNetCoreCamp.csproj", "{1BBE747D-F5C6-40EF-8AD3-A0F503D29DF9}"
EndProject
Global
	GlobalSection(SolutionConfigurationPlatforms) = preSolution
		Debug|Any CPU = Debug|Any CPU
		Release|Any CPU = Release|Any CPU
	EndGlobalSection
	GlobalSection(ProjectConfigurationPlatforms) = postSolution
		{1BBE747D-F5C6-40EF-8AD3-A0F503D29DF9}.Debug|Any CPU.ActiveCfg = Debug|Any CPU
		{1BBE747D-F5C6-40EF-8AD3-A0F503D29DF9}.Debug|Any CPU.Build.0 = Debug|Any CPU
		{1BBE747D-F5C6-40EF-8AD3-A0F503D29DF9}.Release|Any CPU.ActiveCfg = Release|Any CPU
		{1BBE747D-F5C6-40EF-8AD3-A0F503D29DF9}.Release|Any CPU.Build.0 = Release|Any CPU
	EndGlobalSection
	GlobalSection(SolutionProperties) = preSolution
		HideSolutionNode = FALSE
	EndGlobalSection
	GlobalSection(ExtensibilityGlobals) = postSolution
		SolutionGuid = {45F589E6-172C-499F-9896-D3EE0D7875F0}
	EndGlobalSection
EndGlobal
